// !$*UTF8*$!
{
	archiveVersion = 1;
	classes = {
	};
	objectVersion = 46;
	objects = {

/* Begin PBXBuildFile section */
		BD67A1F31E9DA4A500E94231 /* AudioKit.framework in Frameworks */ = {isa = PBXBuildFile; fileRef = BD67A1F21E9DA4A500E94231 /* AudioKit.framework */; };
		BD67A1F41E9DA4A500E94231 /* AudioKit.framework in Embed Frameworks */ = {isa = PBXBuildFile; fileRef = BD67A1F21E9DA4A500E94231 /* AudioKit.framework */; settings = {ATTRIBUTES = (CodeSignOnCopy, RemoveHeadersOnCopy, ); }; };
		BD8922AC1E9E03BF008D16A6 /* PlaybackViewController.swift in Sources */ = {isa = PBXBuildFile; fileRef = BD8922AB1E9E03BF008D16A6 /* PlaybackViewController.swift */; };
		BDD518B61E9B582400B9B147 /* SpeechEvent.swift in Sources */ = {isa = PBXBuildFile; fileRef = BDD518B51E9B582400B9B147 /* SpeechEvent.swift */; };
		BDD518B91E9B582D00B9B147 /* ARPieChart.swift in Sources */ = {isa = PBXBuildFile; fileRef = BDD518B71E9B582D00B9B147 /* ARPieChart.swift */; };
		BDD518BA1E9B582D00B9B147 /* RingBuffer.swift in Sources */ = {isa = PBXBuildFile; fileRef = BDD518B81E9B582D00B9B147 /* RingBuffer.swift */; };
		BDD518BE1E9B583F00B9B147 /* MainViewController.swift in Sources */ = {isa = PBXBuildFile; fileRef = BDD518BB1E9B583F00B9B147 /* MainViewController.swift */; };
		BDD518BF1E9B583F00B9B147 /* SettingsViewController.swift in Sources */ = {isa = PBXBuildFile; fileRef = BDD518BC1E9B583F00B9B147 /* SettingsViewController.swift */; };
		BDD518C01E9B583F00B9B147 /* SpeechViewController.swift in Sources */ = {isa = PBXBuildFile; fileRef = BDD518BD1E9B583F00B9B147 /* SpeechViewController.swift */; };
		BDD518CC1E9C10A300B9B147 /* SpeechSession.swift in Sources */ = {isa = PBXBuildFile; fileRef = BDD518CB1E9C10A300B9B147 /* SpeechSession.swift */; };
		BDD518D41E9C29AD00B9B147 /* Globals.swift in Sources */ = {isa = PBXBuildFile; fileRef = BDD518D31E9C29AD00B9B147 /* Globals.swift */; };
		BDD518D91E9C4B8700B9B147 /* LaunchScreen.storyboard in Resources */ = {isa = PBXBuildFile; fileRef = BDD518D51E9C4B8700B9B147 /* LaunchScreen.storyboard */; };
		BDD518DA1E9C4B8700B9B147 /* Main.storyboard in Resources */ = {isa = PBXBuildFile; fileRef = BDD518D71E9C4B8700B9B147 /* Main.storyboard */; };
		BDD518DC1E9C4BF400B9B147 /* AppDelegate.swift in Sources */ = {isa = PBXBuildFile; fileRef = BDD518DB1E9C4BF400B9B147 /* AppDelegate.swift */; };
		E45540401E5BB2F400C5A000 /* Assets.xcassets in Resources */ = {isa = PBXBuildFile; fileRef = E455403F1E5BB2F400C5A000 /* Assets.xcassets */; };
/* End PBXBuildFile section */

/* Begin PBXContainerItemProxy section */
		E455404A1E5BB2F400C5A000 /* PBXContainerItemProxy */ = {
			isa = PBXContainerItemProxy;
			containerPortal = E455402D1E5BB2F400C5A000 /* Project object */;
			proxyType = 1;
			remoteGlobalIDString = E45540341E5BB2F400C5A000;
			remoteInfo = "Speech Analytics";
		};
		E45540551E5BB2F400C5A000 /* PBXContainerItemProxy */ = {
			isa = PBXContainerItemProxy;
			containerPortal = E455402D1E5BB2F400C5A000 /* Project object */;
			proxyType = 1;
			remoteGlobalIDString = E45540341E5BB2F400C5A000;
			remoteInfo = "Speech Analytics";
		};
/* End PBXContainerItemProxy section */

/* Begin PBXCopyFilesBuildPhase section */
		BD67A1F11E9DA3DB00E94231 /* Embed Frameworks */ = {
			isa = PBXCopyFilesBuildPhase;
			buildActionMask = 2147483647;
			dstPath = "";
			dstSubfolderSpec = 10;
			files = (
				BD67A1F41E9DA4A500E94231 /* AudioKit.framework in Embed Frameworks */,
			);
			name = "Embed Frameworks";
			runOnlyForDeploymentPostprocessing = 0;
		};
/* End PBXCopyFilesBuildPhase section */

/* Begin PBXFileReference section */
		BD67A1F21E9DA4A500E94231 /* AudioKit.framework */ = {isa = PBXFileReference; lastKnownFileType = wrapper.framework; name = AudioKit.framework; path = Frameworks/AudioKit.framework; sourceTree = "<group>"; };
		BD8922A91E9DDCB0008D16A6 /* Speech AnalyticsTests.xctest */ = {isa = PBXFileReference; explicitFileType = wrapper.cfbundle; includeInIndex = 0; path = "Speech AnalyticsTests.xctest"; sourceTree = BUILT_PRODUCTS_DIR; };
		BD8922AA1E9DDCB0008D16A6 /* Speech AnalyticsUITests.xctest */ = {isa = PBXFileReference; explicitFileType = wrapper.cfbundle; includeInIndex = 0; path = "Speech AnalyticsUITests.xctest"; sourceTree = BUILT_PRODUCTS_DIR; };
		BD8922AB1E9E03BF008D16A6 /* PlaybackViewController.swift */ = {isa = PBXFileReference; fileEncoding = 4; lastKnownFileType = sourcecode.swift; name = PlaybackViewController.swift; path = Controllers/PlaybackViewController.swift; sourceTree = "<group>"; };
		BDA03C091E9B4564001CD2BC /* Speech Analytics.app */ = {isa = PBXFileReference; explicitFileType = wrapper.application; includeInIndex = 0; path = "Speech Analytics.app"; sourceTree = BUILT_PRODUCTS_DIR; };
		BDD518B51E9B582400B9B147 /* SpeechEvent.swift */ = {isa = PBXFileReference; fileEncoding = 4; lastKnownFileType = sourcecode.swift; name = SpeechEvent.swift; path = Models/SpeechEvent.swift; sourceTree = "<group>"; };
		BDD518B71E9B582D00B9B147 /* ARPieChart.swift */ = {isa = PBXFileReference; fileEncoding = 4; lastKnownFileType = sourcecode.swift; name = ARPieChart.swift; path = Helpers/ARPieChart.swift; sourceTree = "<group>"; };
		BDD518B81E9B582D00B9B147 /* RingBuffer.swift */ = {isa = PBXFileReference; fileEncoding = 4; lastKnownFileType = sourcecode.swift; name = RingBuffer.swift; path = Helpers/RingBuffer.swift; sourceTree = "<group>"; };
		BDD518BB1E9B583F00B9B147 /* MainViewController.swift */ = {isa = PBXFileReference; fileEncoding = 4; lastKnownFileType = sourcecode.swift; name = MainViewController.swift; path = Controllers/MainViewController.swift; sourceTree = "<group>"; };
		BDD518BC1E9B583F00B9B147 /* SettingsViewController.swift */ = {isa = PBXFileReference; fileEncoding = 4; lastKnownFileType = sourcecode.swift; name = SettingsViewController.swift; path = Controllers/SettingsViewController.swift; sourceTree = "<group>"; };
		BDD518BD1E9B583F00B9B147 /* SpeechViewController.swift */ = {isa = PBXFileReference; fileEncoding = 4; lastKnownFileType = sourcecode.swift; name = SpeechViewController.swift; path = Controllers/SpeechViewController.swift; sourceTree = "<group>"; };
		BDD518CB1E9C10A300B9B147 /* SpeechSession.swift */ = {isa = PBXFileReference; fileEncoding = 4; lastKnownFileType = sourcecode.swift; name = SpeechSession.swift; path = Models/SpeechSession.swift; sourceTree = "<group>"; };
		BDD518D31E9C29AD00B9B147 /* Globals.swift */ = {isa = PBXFileReference; fileEncoding = 4; lastKnownFileType = sourcecode.swift; name = Globals.swift; path = Helpers/Globals.swift; sourceTree = "<group>"; };
		BDD518D61E9C4B8700B9B147 /* Base */ = {isa = PBXFileReference; lastKnownFileType = file.storyboard; name = Base; path = Base.lproj/LaunchScreen.storyboard; sourceTree = "<group>"; };
		BDD518D81E9C4B8700B9B147 /* Base */ = {isa = PBXFileReference; lastKnownFileType = file.storyboard; name = Base; path = Base.lproj/Main.storyboard; sourceTree = "<group>"; };
		BDD518DB1E9C4BF400B9B147 /* AppDelegate.swift */ = {isa = PBXFileReference; fileEncoding = 4; lastKnownFileType = sourcecode.swift; path = AppDelegate.swift; sourceTree = "<group>"; };
		E455403F1E5BB2F400C5A000 /* Assets.xcassets */ = {isa = PBXFileReference; lastKnownFileType = folder.assetcatalog; path = Assets.xcassets; sourceTree = "<group>"; };
/* End PBXFileReference section */

/* Begin PBXFrameworksBuildPhase section */
		E45540321E5BB2F400C5A000 /* Frameworks */ = {
			isa = PBXFrameworksBuildPhase;
			buildActionMask = 2147483647;
			files = (
				BD67A1F31E9DA4A500E94231 /* AudioKit.framework in Frameworks */,
			);
			runOnlyForDeploymentPostprocessing = 0;
		};
		E45540461E5BB2F400C5A000 /* Frameworks */ = {
			isa = PBXFrameworksBuildPhase;
			buildActionMask = 2147483647;
			files = (
			);
			runOnlyForDeploymentPostprocessing = 0;
		};
		E45540511E5BB2F400C5A000 /* Frameworks */ = {
			isa = PBXFrameworksBuildPhase;
			buildActionMask = 2147483647;
			files = (
			);
			runOnlyForDeploymentPostprocessing = 0;
		};
/* End PBXFrameworksBuildPhase section */

/* Begin PBXGroup section */
		BDA03C0B1E9B4590001CD2BC /* Controllers */ = {
			isa = PBXGroup;
			children = (
				BDD518BB1E9B583F00B9B147 /* MainViewController.swift */,
				BDD518BC1E9B583F00B9B147 /* SettingsViewController.swift */,
				BDD518BD1E9B583F00B9B147 /* SpeechViewController.swift */,
				BD8922AB1E9E03BF008D16A6 /* PlaybackViewController.swift */,
			);
			name = Controllers;
			sourceTree = "<group>";
		};
		BDA03C0C1E9B459A001CD2BC /* Helpers */ = {
			isa = PBXGroup;
			children = (
				BDD518B71E9B582D00B9B147 /* ARPieChart.swift */,
				BDD518B81E9B582D00B9B147 /* RingBuffer.swift */,
			);
			name = Helpers;
			sourceTree = "<group>";
		};
		BDA03C0D1E9B459F001CD2BC /* Models */ = {
			isa = PBXGroup;
			children = (
				BDD518D31E9C29AD00B9B147 /* Globals.swift */,
				BDD518B51E9B582400B9B147 /* SpeechEvent.swift */,
				BDD518CB1E9C10A300B9B147 /* SpeechSession.swift */,
			);
			name = Models;
			sourceTree = "<group>";
		};
		BDA03C0E1E9B45A5001CD2BC /* Stores */ = {
			isa = PBXGroup;
			children = (
			);
			name = Stores;
			sourceTree = "<group>";
		};
		E455402C1E5BB2F400C5A000 = {
			isa = PBXGroup;
			children = (
				BD67A1F21E9DA4A500E94231 /* AudioKit.framework */,
				E45540371E5BB2F400C5A000 /* Speech Analytics */,
				BDA03C091E9B4564001CD2BC /* Speech Analytics.app */,
				BD8922A91E9DDCB0008D16A6 /* Speech AnalyticsTests.xctest */,
				BD8922AA1E9DDCB0008D16A6 /* Speech AnalyticsUITests.xctest */,
			);
			sourceTree = "<group>";
		};
		E45540371E5BB2F400C5A000 /* Speech Analytics */ = {
			isa = PBXGroup;
			children = (
				BDD518DB1E9C4BF400B9B147 /* AppDelegate.swift */,
				BDD518D51E9C4B8700B9B147 /* LaunchScreen.storyboard */,
				BDD518D71E9C4B8700B9B147 /* Main.storyboard */,
				BDA03C0E1E9B45A5001CD2BC /* Stores */,
				BDA03C0D1E9B459F001CD2BC /* Models */,
				BDA03C0C1E9B459A001CD2BC /* Helpers */,
				BDA03C0B1E9B4590001CD2BC /* Controllers */,
				E455403F1E5BB2F400C5A000 /* Assets.xcassets */,
			);
			path = "Speech Analytics";
			sourceTree = "<group>";
		};
/* End PBXGroup section */

/* Begin PBXNativeTarget section */
		E45540341E5BB2F400C5A000 /* Speech Analytics */ = {
			isa = PBXNativeTarget;
			buildConfigurationList = E455405D1E5BB2F400C5A000 /* Build configuration list for PBXNativeTarget "Speech Analytics" */;
			buildPhases = (
				E45540311E5BB2F400C5A000 /* Sources */,
				E45540321E5BB2F400C5A000 /* Frameworks */,
				E45540331E5BB2F400C5A000 /* Resources */,
				BD67A1F11E9DA3DB00E94231 /* Embed Frameworks */,
			);
			buildRules = (
			);
			dependencies = (
			);
			name = "Speech Analytics";
			productName = "Speech Analytics";
			productReference = BDA03C091E9B4564001CD2BC /* Speech Analytics.app */;
			productType = "com.apple.product-type.application";
		};
		E45540481E5BB2F400C5A000 /* Speech AnalyticsTests */ = {
			isa = PBXNativeTarget;
			buildConfigurationList = E45540601E5BB2F400C5A000 /* Build configuration list for PBXNativeTarget "Speech AnalyticsTests" */;
			buildPhases = (
				E45540451E5BB2F400C5A000 /* Sources */,
				E45540461E5BB2F400C5A000 /* Frameworks */,
				E45540471E5BB2F400C5A000 /* Resources */,
			);
			buildRules = (
			);
			dependencies = (
				E455404B1E5BB2F400C5A000 /* PBXTargetDependency */,
			);
			name = "Speech AnalyticsTests";
			productName = "Speech AnalyticsTests";
			productReference = BD8922A91E9DDCB0008D16A6 /* Speech AnalyticsTests.xctest */;
			productType = "com.apple.product-type.bundle.unit-test";
		};
		E45540531E5BB2F400C5A000 /* Speech AnalyticsUITests */ = {
			isa = PBXNativeTarget;
			buildConfigurationList = E45540631E5BB2F400C5A000 /* Build configuration list for PBXNativeTarget "Speech AnalyticsUITests" */;
			buildPhases = (
				E45540501E5BB2F400C5A000 /* Sources */,
				E45540511E5BB2F400C5A000 /* Frameworks */,
				E45540521E5BB2F400C5A000 /* Resources */,
			);
			buildRules = (
			);
			dependencies = (
				E45540561E5BB2F400C5A000 /* PBXTargetDependency */,
			);
			name = "Speech AnalyticsUITests";
			productName = "Speech AnalyticsUITests";
			productReference = BD8922AA1E9DDCB0008D16A6 /* Speech AnalyticsUITests.xctest */;
			productType = "com.apple.product-type.bundle.ui-testing";
		};
/* End PBXNativeTarget section */

/* Begin PBXProject section */
		E455402D1E5BB2F400C5A000 /* Project object */ = {
			isa = PBXProject;
			attributes = {
				LastSwiftUpdateCheck = 0820;
				LastUpgradeCheck = 0820;
				ORGANIZATIONNAME = "Abdo Salem";
				TargetAttributes = {
					E45540341E5BB2F400C5A000 = {
						CreatedOnToolsVersion = 8.2.1;
						DevelopmentTeam = WCUK8K8WH5;
						LastSwiftMigration = 0820;
						ProvisioningStyle = Automatic;
					};
					E45540481E5BB2F400C5A000 = {
						CreatedOnToolsVersion = 8.2.1;
						DevelopmentTeam = K6CY6FW83L;
						ProvisioningStyle = Automatic;
						TestTargetID = E45540341E5BB2F400C5A000;
					};
					E45540531E5BB2F400C5A000 = {
						CreatedOnToolsVersion = 8.2.1;
						DevelopmentTeam = WCUK8K8WH5;
						ProvisioningStyle = Automatic;
						TestTargetID = E45540341E5BB2F400C5A000;
					};
				};
			};
			buildConfigurationList = E45540301E5BB2F400C5A000 /* Build configuration list for PBXProject "Speech Analytics" */;
			compatibilityVersion = "Xcode 3.2";
			developmentRegion = English;
			hasScannedForEncodings = 0;
			knownRegions = (
				en,
				Base,
			);
			mainGroup = E455402C1E5BB2F400C5A000;
			productRefGroup = E455402C1E5BB2F400C5A000;
			projectDirPath = "";
			projectRoot = "";
			targets = (
				E45540341E5BB2F400C5A000 /* Speech Analytics */,
				E45540481E5BB2F400C5A000 /* Speech AnalyticsTests */,
				E45540531E5BB2F400C5A000 /* Speech AnalyticsUITests */,
			);
		};
/* End PBXProject section */

/* Begin PBXResourcesBuildPhase section */
		E45540331E5BB2F400C5A000 /* Resources */ = {
			isa = PBXResourcesBuildPhase;
			buildActionMask = 2147483647;
			files = (
				BDD518DA1E9C4B8700B9B147 /* Main.storyboard in Resources */,
				E45540401E5BB2F400C5A000 /* Assets.xcassets in Resources */,
				BDD518D91E9C4B8700B9B147 /* LaunchScreen.storyboard in Resources */,
			);
			runOnlyForDeploymentPostprocessing = 0;
		};
		E45540471E5BB2F400C5A000 /* Resources */ = {
			isa = PBXResourcesBuildPhase;
			buildActionMask = 2147483647;
			files = (
			);
			runOnlyForDeploymentPostprocessing = 0;
		};
		E45540521E5BB2F400C5A000 /* Resources */ = {
			isa = PBXResourcesBuildPhase;
			buildActionMask = 2147483647;
			files = (
			);
			runOnlyForDeploymentPostprocessing = 0;
		};
/* End PBXResourcesBuildPhase section */

/* Begin PBXSourcesBuildPhase section */
		E45540311E5BB2F400C5A000 /* Sources */ = {
			isa = PBXSourcesBuildPhase;
			buildActionMask = 2147483647;
			files = (
				BDD518B61E9B582400B9B147 /* SpeechEvent.swift in Sources */,
				BD8922AC1E9E03BF008D16A6 /* PlaybackViewController.swift in Sources */,
				BDD518BA1E9B582D00B9B147 /* RingBuffer.swift in Sources */,
				BDD518CC1E9C10A300B9B147 /* SpeechSession.swift in Sources */,
				BDD518D41E9C29AD00B9B147 /* Globals.swift in Sources */,
				BDD518B91E9B582D00B9B147 /* ARPieChart.swift in Sources */,
				BDD518BF1E9B583F00B9B147 /* SettingsViewController.swift in Sources */,
				BDD518C01E9B583F00B9B147 /* SpeechViewController.swift in Sources */,
				BDD518DC1E9C4BF400B9B147 /* AppDelegate.swift in Sources */,
				BDD518BE1E9B583F00B9B147 /* MainViewController.swift in Sources */,
			);
			runOnlyForDeploymentPostprocessing = 0;
		};
		E45540451E5BB2F400C5A000 /* Sources */ = {
			isa = PBXSourcesBuildPhase;
			buildActionMask = 2147483647;
			files = (
			);
			runOnlyForDeploymentPostprocessing = 0;
		};
		E45540501E5BB2F400C5A000 /* Sources */ = {
			isa = PBXSourcesBuildPhase;
			buildActionMask = 2147483647;
			files = (
			);
			runOnlyForDeploymentPostprocessing = 0;
		};
/* End PBXSourcesBuildPhase section */

/* Begin PBXTargetDependency section */
		E455404B1E5BB2F400C5A000 /* PBXTargetDependency */ = {
			isa = PBXTargetDependency;
			target = E45540341E5BB2F400C5A000 /* Speech Analytics */;
			targetProxy = E455404A1E5BB2F400C5A000 /* PBXContainerItemProxy */;
		};
		E45540561E5BB2F400C5A000 /* PBXTargetDependency */ = {
			isa = PBXTargetDependency;
			target = E45540341E5BB2F400C5A000 /* Speech Analytics */;
			targetProxy = E45540551E5BB2F400C5A000 /* PBXContainerItemProxy */;
		};
/* End PBXTargetDependency section */

/* Begin PBXVariantGroup section */
		BDD518D51E9C4B8700B9B147 /* LaunchScreen.storyboard */ = {
			isa = PBXVariantGroup;
			children = (
				BDD518D61E9C4B8700B9B147 /* Base */,
			);
			name = LaunchScreen.storyboard;
			sourceTree = "<group>";
		};
		BDD518D71E9C4B8700B9B147 /* Main.storyboard */ = {
			isa = PBXVariantGroup;
			children = (
				BDD518D81E9C4B8700B9B147 /* Base */,
			);
			name = Main.storyboard;
			sourceTree = "<group>";
		};
/* End PBXVariantGroup section */

/* Begin XCBuildConfiguration section */
		E455405B1E5BB2F400C5A000 /* Debug */ = {
			isa = XCBuildConfiguration;
			buildSettings = {
				ALWAYS_SEARCH_USER_PATHS = NO;
				CLANG_ANALYZER_NONNULL = YES;
				CLANG_CXX_LANGUAGE_STANDARD = "gnu++0x";
				CLANG_CXX_LIBRARY = "libc++";
				CLANG_ENABLE_MODULES = YES;
				CLANG_ENABLE_OBJC_ARC = YES;
				CLANG_WARN_BOOL_CONVERSION = YES;
				CLANG_WARN_CONSTANT_CONVERSION = YES;
				CLANG_WARN_DIRECT_OBJC_ISA_USAGE = YES_ERROR;
				CLANG_WARN_DOCUMENTATION_COMMENTS = YES;
				CLANG_WARN_EMPTY_BODY = YES;
				CLANG_WARN_ENUM_CONVERSION = YES;
				CLANG_WARN_INFINITE_RECURSION = YES;
				CLANG_WARN_INT_CONVERSION = YES;
				CLANG_WARN_OBJC_ROOT_CLASS = YES_ERROR;
				CLANG_WARN_SUSPICIOUS_MOVE = YES;
				CLANG_WARN_UNREACHABLE_CODE = YES;
				CLANG_WARN__DUPLICATE_METHOD_MATCH = YES;
				"CODE_SIGN_IDENTITY[sdk=iphoneos*]" = "iPhone Developer";
				COPY_PHASE_STRIP = NO;
				DEBUG_INFORMATION_FORMAT = dwarf;
				ENABLE_STRICT_OBJC_MSGSEND = YES;
				ENABLE_TESTABILITY = YES;
				GCC_C_LANGUAGE_STANDARD = gnu99;
				GCC_DYNAMIC_NO_PIC = NO;
				GCC_NO_COMMON_BLOCKS = YES;
				GCC_OPTIMIZATION_LEVEL = 0;
				GCC_PREPROCESSOR_DEFINITIONS = (
					"DEBUG=1",
					"$(inherited)",
				);
				GCC_WARN_64_TO_32_BIT_CONVERSION = YES;
				GCC_WARN_ABOUT_RETURN_TYPE = YES_ERROR;
				GCC_WARN_UNDECLARED_SELECTOR = YES;
				GCC_WARN_UNINITIALIZED_AUTOS = YES_AGGRESSIVE;
				GCC_WARN_UNUSED_FUNCTION = YES;
				GCC_WARN_UNUSED_VARIABLE = YES;
				IPHONEOS_DEPLOYMENT_TARGET = 10.2;
				MTL_ENABLE_DEBUG_INFO = YES;
				ONLY_ACTIVE_ARCH = YES;
				SDKROOT = iphoneos;
				SWIFT_ACTIVE_COMPILATION_CONDITIONS = DEBUG;
				SWIFT_OPTIMIZATION_LEVEL = "-Onone";
				TARGETED_DEVICE_FAMILY = "1,2";
			};
			name = Debug;
		};
		E455405C1E5BB2F400C5A000 /* Release */ = {
			isa = XCBuildConfiguration;
			buildSettings = {
				ALWAYS_SEARCH_USER_PATHS = NO;
				CLANG_ANALYZER_NONNULL = YES;
				CLANG_CXX_LANGUAGE_STANDARD = "gnu++0x";
				CLANG_CXX_LIBRARY = "libc++";
				CLANG_ENABLE_MODULES = YES;
				CLANG_ENABLE_OBJC_ARC = YES;
				CLANG_WARN_BOOL_CONVERSION = YES;
				CLANG_WARN_CONSTANT_CONVERSION = YES;
				CLANG_WARN_DIRECT_OBJC_ISA_USAGE = YES_ERROR;
				CLANG_WARN_DOCUMENTATION_COMMENTS = YES;
				CLANG_WARN_EMPTY_BODY = YES;
				CLANG_WARN_ENUM_CONVERSION = YES;
				CLANG_WARN_INFINITE_RECURSION = YES;
				CLANG_WARN_INT_CONVERSION = YES;
				CLANG_WARN_OBJC_ROOT_CLASS = YES_ERROR;
				CLANG_WARN_SUSPICIOUS_MOVE = YES;
				CLANG_WARN_UNREACHABLE_CODE = YES;
				CLANG_WARN__DUPLICATE_METHOD_MATCH = YES;
				"CODE_SIGN_IDENTITY[sdk=iphoneos*]" = "iPhone Developer";
				COPY_PHASE_STRIP = NO;
				DEBUG_INFORMATION_FORMAT = "dwarf-with-dsym";
				ENABLE_NS_ASSERTIONS = NO;
				ENABLE_STRICT_OBJC_MSGSEND = YES;
				GCC_C_LANGUAGE_STANDARD = gnu99;
				GCC_NO_COMMON_BLOCKS = YES;
				GCC_WARN_64_TO_32_BIT_CONVERSION = YES;
				GCC_WARN_ABOUT_RETURN_TYPE = YES_ERROR;
				GCC_WARN_UNDECLARED_SELECTOR = YES;
				GCC_WARN_UNINITIALIZED_AUTOS = YES_AGGRESSIVE;
				GCC_WARN_UNUSED_FUNCTION = YES;
				GCC_WARN_UNUSED_VARIABLE = YES;
				IPHONEOS_DEPLOYMENT_TARGET = 10.2;
				MTL_ENABLE_DEBUG_INFO = NO;
				SDKROOT = iphoneos;
				SWIFT_OPTIMIZATION_LEVEL = "-Owholemodule";
				TARGETED_DEVICE_FAMILY = "1,2";
				VALIDATE_PRODUCT = YES;
			};
			name = Release;
		};
		E455405E1E5BB2F400C5A000 /* Debug */ = {
			isa = XCBuildConfiguration;
			buildSettings = {
				ASSETCATALOG_COMPILER_APPICON_NAME = AppIcon;
				CLANG_ENABLE_MODULES = YES;
				DEVELOPMENT_TEAM = WCUK8K8WH5;
				FRAMEWORK_SEARCH_PATHS = (
					"$(inherited)",
					"$(PROJECT_DIR)",
					"$(PROJECT_DIR)/Speech\\ Analytics/Frameworks",
					"$(PROJECT_DIR)/Speech\\ Analytics/Frameworks",
					"$(PROJECT_DIR)/Frameworks",
				);
				INFOPLIST_FILE = "Speech Analytics/Info.plist";
				IPHONEOS_DEPLOYMENT_TARGET = 10.2;
				LD_RUNPATH_SEARCH_PATHS = "$(inherited) @executable_path/Frameworks";
				PRODUCT_BUNDLE_IDENTIFIER = "Ed.Speech-Analytics";
				PRODUCT_NAME = "$(TARGET_NAME)";
				SWIFT_OBJC_BRIDGING_HEADER = "";
				SWIFT_OPTIMIZATION_LEVEL = "-Onone";
				SWIFT_VERSION = 3.0;
			};
			name = Debug;
		};
		E455405F1E5BB2F400C5A000 /* Release */ = {
			isa = XCBuildConfiguration;
			buildSettings = {
				ASSETCATALOG_COMPILER_APPICON_NAME = AppIcon;
				CLANG_ENABLE_MODULES = YES;
				DEVELOPMENT_TEAM = WCUK8K8WH5;
				FRAMEWORK_SEARCH_PATHS = (
					"$(inherited)",
					"$(PROJECT_DIR)",
					"$(PROJECT_DIR)/Speech\\ Analytics/Frameworks",
					"$(PROJECT_DIR)/Speech\\ Analytics/Frameworks",
					"$(PROJECT_DIR)/Frameworks",
				);
				INFOPLIST_FILE = "Speech Analytics/Info.plist";
				IPHONEOS_DEPLOYMENT_TARGET = 10.2;
				LD_RUNPATH_SEARCH_PATHS = "$(inherited) @executable_path/Frameworks";
				PRODUCT_BUNDLE_IDENTIFIER = "Ed.Speech-Analytics";
				PRODUCT_NAME = "$(TARGET_NAME)";
				SWIFT_OBJC_BRIDGING_HEADER = "";
				SWIFT_VERSION = 3.0;
			};
			name = Release;
		};
		E45540611E5BB2F400C5A000 /* Debug */ = {
			isa = XCBuildConfiguration;
			buildSettings = {
				ALWAYS_EMBED_SWIFT_STANDARD_LIBRARIES = YES;
				BUNDLE_LOADER = "$(TEST_HOST)";
				DEVELOPMENT_TEAM = K6CY6FW83L;
				INFOPLIST_FILE = "Speech AnalyticsTests/Info.plist";
				LD_RUNPATH_SEARCH_PATHS = "$(inherited) @executable_path/Frameworks @loader_path/Frameworks";
				PRODUCT_BUNDLE_IDENTIFIER = "Abdosalem.Speech-AnalyticsTests";
				PRODUCT_NAME = "$(TARGET_NAME)";
				SWIFT_VERSION = 3.0;
				TEST_HOST = "$(BUILT_PRODUCTS_DIR)/Speech Analytics.app/Speech Analytics";
			};
			name = Debug;
		};
		E45540621E5BB2F400C5A000 /* Release */ = {
			isa = XCBuildConfiguration;
			buildSettings = {
				ALWAYS_EMBED_SWIFT_STANDARD_LIBRARIES = YES;
				BUNDLE_LOADER = "$(TEST_HOST)";
				DEVELOPMENT_TEAM = K6CY6FW83L;
				INFOPLIST_FILE = "Speech AnalyticsTests/Info.plist";
				LD_RUNPATH_SEARCH_PATHS = "$(inherited) @executable_path/Frameworks @loader_path/Frameworks";
				PRODUCT_BUNDLE_IDENTIFIER = "Abdosalem.Speech-AnalyticsTests";
				PRODUCT_NAME = "$(TARGET_NAME)";
				SWIFT_VERSION = 3.0;
				TEST_HOST = "$(BUILT_PRODUCTS_DIR)/Speech Analytics.app/Speech Analytics";
			};
			name = Release;
		};
		E45540641E5BB2F400C5A000 /* Debug */ = {
			isa = XCBuildConfiguration;
			buildSettings = {
				ALWAYS_EMBED_SWIFT_STANDARD_LIBRARIES = YES;
				DEVELOPMENT_TEAM = WCUK8K8WH5;
				INFOPLIST_FILE = "Speech AnalyticsUITests/Info.plist";
				LD_RUNPATH_SEARCH_PATHS = "$(inherited) @executable_path/Frameworks @loader_path/Frameworks";
				PRODUCT_BUNDLE_IDENTIFIER = "Abdosalem.Speech-AnalyticsUITests";
				PRODUCT_NAME = "$(TARGET_NAME)";
				SWIFT_VERSION = 3.0;
				TEST_TARGET_NAME = "Speech Analytics";
			};
			name = Debug;
		};
		E45540651E5BB2F400C5A000 /* Release */ = {
			isa = XCBuildConfiguration;
			buildSettings = {
				ALWAYS_EMBED_SWIFT_STANDARD_LIBRARIES = YES;
				DEVELOPMENT_TEAM = WCUK8K8WH5;
				INFOPLIST_FILE = "Speech AnalyticsUITests/Info.plist";
				LD_RUNPATH_SEARCH_PATHS = "$(inherited) @executable_path/Frameworks @loader_path/Frameworks";
				PRODUCT_BUNDLE_IDENTIFIER = "Abdosalem.Speech-AnalyticsUITests";
				PRODUCT_NAME = "$(TARGET_NAME)";
				SWIFT_VERSION = 3.0;
				TEST_TARGET_NAME = "Speech Analytics";
			};
			name = Release;
		};
/* End XCBuildConfiguration section */

/* Begin XCConfigurationList section */
		E45540301E5BB2F400C5A000 /* Build configuration list for PBXProject "Speech Analytics" */ = {
			isa = XCConfigurationList;
			buildConfigurations = (
				E455405B1E5BB2F400C5A000 /* Debug */,
				E455405C1E5BB2F400C5A000 /* Release */,
			);
			defaultConfigurationIsVisible = 0;
			defaultConfigurationName = Release;
		};
		E455405D1E5BB2F400C5A000 /* Build configuration list for PBXNativeTarget "Speech Analytics" */ = {
			isa = XCConfigurationList;
			buildConfigurations = (
				E455405E1E5BB2F400C5A000 /* Debug */,
				E455405F1E5BB2F400C5A000 /* Release */,
			);
			defaultConfigurationIsVisible = 0;
			defaultConfigurationName = Release;
		};
		E45540601E5BB2F400C5A000 /* Build configuration list for PBXNativeTarget "Speech AnalyticsTests" */ = {
			isa = XCConfigurationList;
			buildConfigurations = (
				E45540611E5BB2F400C5A000 /* Debug */,
				E45540621E5BB2F400C5A000 /* Release */,
			);
			defaultConfigurationIsVisible = 0;
			defaultConfigurationName = Release;
		};
		E45540631E5BB2F400C5A000 /* Build configuration list for PBXNativeTarget "Speech AnalyticsUITests" */ = {
			isa = XCConfigurationList;
			buildConfigurations = (
				E45540641E5BB2F400C5A000 /* Debug */,
				E45540651E5BB2F400C5A000 /* Release */,
			);
			defaultConfigurationIsVisible = 0;
			defaultConfigurationName = Release;
		};
/* End XCConfigurationList section */
	};
	rootObject = E455402D1E5BB2F400C5A000 /* Project object */;
}
